// !$*UTF8*$!
{
	archiveVersion = 1;
	classes = {
	};
	objectVersion = 56;
	objects = {

/* Begin PBXBuildFile section */
		733A3BE729E12EF6007D20B7 /* AppDelegate.swift in Sources */ = {isa = PBXBuildFile; fileRef = 733A3BE629E12EF6007D20B7 /* AppDelegate.swift */; };
		733A3BE929E12EF6007D20B7 /* SceneDelegate.swift in Sources */ = {isa = PBXBuildFile; fileRef = 733A3BE829E12EF6007D20B7 /* SceneDelegate.swift */; };
		733A3BEB29E12EF6007D20B7 /* ViewController.swift in Sources */ = {isa = PBXBuildFile; fileRef = 733A3BEA29E12EF6007D20B7 /* ViewController.swift */; };
		733A3BEE29E12EF6007D20B7 /* Main.storyboard in Resources */ = {isa = PBXBuildFile; fileRef = 733A3BEC29E12EF6007D20B7 /* Main.storyboard */; };
		733A3BF029E12EF8007D20B7 /* Assets.xcassets in Resources */ = {isa = PBXBuildFile; fileRef = 733A3BEF29E12EF8007D20B7 /* Assets.xcassets */; };
		733A3BF329E12EF8007D20B7 /* LaunchScreen.storyboard in Resources */ = {isa = PBXBuildFile; fileRef = 733A3BF129E12EF8007D20B7 /* LaunchScreen.storyboard */; };
		733A3BFE29E12EF8007D20B7 /* XOTests.swift in Sources */ = {isa = PBXBuildFile; fileRef = 733A3BFD29E12EF8007D20B7 /* XOTests.swift */; };
		733A3C0829E12EF8007D20B7 /* XOUITests.swift in Sources */ = {isa = PBXBuildFile; fileRef = 733A3C0729E12EF8007D20B7 /* XOUITests.swift */; };
		733A3C0A29E12EF8007D20B7 /* XOUITestsLaunchTests.swift in Sources */ = {isa = PBXBuildFile; fileRef = 733A3C0929E12EF8007D20B7 /* XOUITestsLaunchTests.swift */; };
/* End PBXBuildFile section */

/* Begin PBXContainerItemProxy section */
		733A3BFA29E12EF8007D20B7 /* PBXContainerItemProxy */ = {
			isa = PBXContainerItemProxy;
			containerPortal = 733A3BDB29E12EF6007D20B7 /* Project object */;
			proxyType = 1;
			remoteGlobalIDString = 733A3BE229E12EF6007D20B7;
			remoteInfo = XO;
		};
		733A3C0429E12EF8007D20B7 /* PBXContainerItemProxy */ = {
			isa = PBXContainerItemProxy;
			containerPortal = 733A3BDB29E12EF6007D20B7 /* Project object */;
			proxyType = 1;
			remoteGlobalIDString = 733A3BE229E12EF6007D20B7;
			remoteInfo = XO;
		};
/* End PBXContainerItemProxy section */

/* Begin PBXFileReference section */
		733A3BE329E12EF6007D20B7 /* XO.app */ = {isa = PBXFileReference; explicitFileType = wrapper.application; includeInIndex = 0; path = XO.app; sourceTree = BUILT_PRODUCTS_DIR; };
		733A3BE629E12EF6007D20B7 /* AppDelegate.swift */ = {isa = PBXFileReference; lastKnownFileType = sourcecode.swift; path = AppDelegate.swift; sourceTree = "<group>"; };
		733A3BE829E12EF6007D20B7 /* SceneDelegate.swift */ = {isa = PBXFileReference; lastKnownFileType = sourcecode.swift; path = SceneDelegate.swift; sourceTree = "<group>"; };
		733A3BEA29E12EF6007D20B7 /* ViewController.swift */ = {isa = PBXFileReference; lastKnownFileType = sourcecode.swift; path = ViewController.swift; sourceTree = "<group>"; };
		733A3BED29E12EF6007D20B7 /* Base */ = {isa = PBXFileReference; lastKnownFileType = file.storyboard; name = Base; path = Base.lproj/Main.storyboard; sourceTree = "<group>"; };
		733A3BEF29E12EF8007D20B7 /* Assets.xcassets */ = {isa = PBXFileReference; lastKnownFileType = folder.assetcatalog; path = Assets.xcassets; sourceTree = "<group>"; };
		733A3BF229E12EF8007D20B7 /* Base */ = {isa = PBXFileReference; lastKnownFileType = file.storyboard; name = Base; path = Base.lproj/LaunchScreen.storyboard; sourceTree = "<group>"; };
		733A3BF429E12EF8007D20B7 /* Info.plist */ = {isa = PBXFileReference; lastKnownFileType = text.plist.xml; path = Info.plist; sourceTree = "<group>"; };
		733A3BF929E12EF8007D20B7 /* XOTests.xctest */ = {isa = PBXFileReference; explicitFileType = wrapper.cfbundle; includeInIndex = 0; path = XOTests.xctest; sourceTree = BUILT_PRODUCTS_DIR; };
		733A3BFD29E12EF8007D20B7 /* XOTests.swift */ = {isa = PBXFileReference; lastKnownFileType = sourcecode.swift; path = XOTests.swift; sourceTree = "<group>"; };
		733A3C0329E12EF8007D20B7 /* XOUITests.xctest */ = {isa = PBXFileReference; explicitFileType = wrapper.cfbundle; includeInIndex = 0; path = XOUITests.xctest; sourceTree = BUILT_PRODUCTS_DIR; };
		733A3C0729E12EF8007D20B7 /* XOUITests.swift */ = {isa = PBXFileReference; lastKnownFileType = sourcecode.swift; path = XOUITests.swift; sourceTree = "<group>"; };
		733A3C0929E12EF8007D20B7 /* XOUITestsLaunchTests.swift */ = {isa = PBXFileReference; lastKnownFileType = sourcecode.swift; path = XOUITestsLaunchTests.swift; sourceTree = "<group>"; };
/* End PBXFileReference section */

/* Begin PBXFrameworksBuildPhase section */
		733A3BE029E12EF6007D20B7 /* Frameworks */ = {
			isa = PBXFrameworksBuildPhase;
			buildActionMask = 2147483647;
			files = (
			);
			runOnlyForDeploymentPostprocessing = 0;
		};
		733A3BF629E12EF8007D20B7 /* Frameworks */ = {
			isa = PBXFrameworksBuildPhase;
			buildActionMask = 2147483647;
			files = (
			);
			runOnlyForDeploymentPostprocessing = 0;
		};
		733A3C0029E12EF8007D20B7 /* Frameworks */ = {
			isa = PBXFrameworksBuildPhase;
			buildActionMask = 2147483647;
			files = (
			);
			runOnlyForDeploymentPostprocessing = 0;
		};
/* End PBXFrameworksBuildPhase section */

/* Begin PBXGroup section */
		733A3BDA29E12EF6007D20B7 = {
			isa = PBXGroup;
			children = (
				733A3BE529E12EF6007D20B7 /* XO */,
				733A3BFC29E12EF8007D20B7 /* XOTests */,
				733A3C0629E12EF8007D20B7 /* XOUITests */,
				733A3BE429E12EF6007D20B7 /* Products */,
			);
			sourceTree = "<group>";
		};
		733A3BE429E12EF6007D20B7 /* Products */ = {
			isa = PBXGroup;
			children = (
				733A3BE329E12EF6007D20B7 /* XO.app */,
				733A3BF929E12EF8007D20B7 /* XOTests.xctest */,
				733A3C0329E12EF8007D20B7 /* XOUITests.xctest */,
			);
			name = Products;
			sourceTree = "<group>";
		};
		733A3BE529E12EF6007D20B7 /* XO */ = {
			isa = PBXGroup;
			children = (
				733A3BE629E12EF6007D20B7 /* AppDelegate.swift */,
				733A3BE829E12EF6007D20B7 /* SceneDelegate.swift */,
				733A3BEA29E12EF6007D20B7 /* ViewController.swift */,
				733A3BEC29E12EF6007D20B7 /* Main.storyboard */,
				733A3BEF29E12EF8007D20B7 /* Assets.xcassets */,
				733A3BF129E12EF8007D20B7 /* LaunchScreen.storyboard */,
				733A3BF429E12EF8007D20B7 /* Info.plist */,
			);
			path = XO;
			sourceTree = "<group>";
		};
		733A3BFC29E12EF8007D20B7 /* XOTests */ = {
			isa = PBXGroup;
			children = (
				733A3BFD29E12EF8007D20B7 /* XOTests.swift */,
			);
			path = XOTests;
			sourceTree = "<group>";
		};
		733A3C0629E12EF8007D20B7 /* XOUITests */ = {
			isa = PBXGroup;
			children = (
				733A3C0729E12EF8007D20B7 /* XOUITests.swift */,
				733A3C0929E12EF8007D20B7 /* XOUITestsLaunchTests.swift */,
			);
			path = XOUITests;
			sourceTree = "<group>";
		};
/* End PBXGroup section */

/* Begin PBXNativeTarget section */
		733A3BE229E12EF6007D20B7 /* XO */ = {
			isa = PBXNativeTarget;
			buildConfigurationList = 733A3C0D29E12EF8007D20B7 /* Build configuration list for PBXNativeTarget "XO" */;
			buildPhases = (
				733A3BDF29E12EF6007D20B7 /* Sources */,
				733A3BE029E12EF6007D20B7 /* Frameworks */,
				733A3BE129E12EF6007D20B7 /* Resources */,
			);
			buildRules = (
			);
			dependencies = (
			);
			name = XO;
			productName = XO;
			productReference = 733A3BE329E12EF6007D20B7 /* XO.app */;
			productType = "com.apple.product-type.application";
		};
		733A3BF829E12EF8007D20B7 /* XOTests */ = {
			isa = PBXNativeTarget;
			buildConfigurationList = 733A3C1029E12EF8007D20B7 /* Build configuration list for PBXNativeTarget "XOTests" */;
			buildPhases = (
				733A3BF529E12EF8007D20B7 /* Sources */,
				733A3BF629E12EF8007D20B7 /* Frameworks */,
				733A3BF729E12EF8007D20B7 /* Resources */,
			);
			buildRules = (
			);
			dependencies = (
				733A3BFB29E12EF8007D20B7 /* PBXTargetDependency */,
			);
			name = XOTests;
			productName = XOTests;
			productReference = 733A3BF929E12EF8007D20B7 /* XOTests.xctest */;
			productType = "com.apple.product-type.bundle.unit-test";
		};
		733A3C0229E12EF8007D20B7 /* XOUITests */ = {
			isa = PBXNativeTarget;
			buildConfigurationList = 733A3C1329E12EF8007D20B7 /* Build configuration list for PBXNativeTarget "XOUITests" */;
			buildPhases = (
				733A3BFF29E12EF8007D20B7 /* Sources */,
				733A3C0029E12EF8007D20B7 /* Frameworks */,
				733A3C0129E12EF8007D20B7 /* Resources */,
			);
			buildRules = (
			);
			dependencies = (
				733A3C0529E12EF8007D20B7 /* PBXTargetDependency */,
			);
			name = XOUITests;
			productName = XOUITests;
			productReference = 733A3C0329E12EF8007D20B7 /* XOUITests.xctest */;
			productType = "com.apple.product-type.bundle.ui-testing";
		};
/* End PBXNativeTarget section */

/* Begin PBXProject section */
		733A3BDB29E12EF6007D20B7 /* Project object */ = {
			isa = PBXProject;
			attributes = {
				BuildIndependentTargetsInParallel = 1;
				LastSwiftUpdateCheck = 1420;
				LastUpgradeCheck = 1420;
				TargetAttributes = {
					733A3BE229E12EF6007D20B7 = {
						CreatedOnToolsVersion = 14.2;
					};
					733A3BF829E12EF8007D20B7 = {
						CreatedOnToolsVersion = 14.2;
						TestTargetID = 733A3BE229E12EF6007D20B7;
					};
					733A3C0229E12EF8007D20B7 = {
						CreatedOnToolsVersion = 14.2;
						TestTargetID = 733A3BE229E12EF6007D20B7;
					};
				};
			};
			buildConfigurationList = 733A3BDE29E12EF6007D20B7 /* Build configuration list for PBXProject "XO" */;
			compatibilityVersion = "Xcode 14.0";
			developmentRegion = en;
			hasScannedForEncodings = 0;
			knownRegions = (
				en,
				Base,
			);
			mainGroup = 733A3BDA29E12EF6007D20B7;
			productRefGroup = 733A3BE429E12EF6007D20B7 /* Products */;
			projectDirPath = "";
			projectRoot = "";
			targets = (
				733A3BE229E12EF6007D20B7 /* XO */,
				733A3BF829E12EF8007D20B7 /* XOTests */,
				733A3C0229E12EF8007D20B7 /* XOUITests */,
			);
		};
/* End PBXProject section */

/* Begin PBXResourcesBuildPhase section */
		733A3BE129E12EF6007D20B7 /* Resources */ = {
			isa = PBXResourcesBuildPhase;
			buildActionMask = 2147483647;
			files = (
				733A3BF329E12EF8007D20B7 /* LaunchScreen.storyboard in Resources */,
				733A3BF029E12EF8007D20B7 /* Assets.xcassets in Resources */,
				733A3BEE29E12EF6007D20B7 /* Main.storyboard in Resources */,
			);
			runOnlyForDeploymentPostprocessing = 0;
		};
		733A3BF729E12EF8007D20B7 /* Resources */ = {
			isa = PBXResourcesBuildPhase;
			buildActionMask = 2147483647;
			files = (
			);
			runOnlyForDeploymentPostprocessing = 0;
		};
		733A3C0129E12EF8007D20B7 /* Resources */ = {
			isa = PBXResourcesBuildPhase;
			buildActionMask = 2147483647;
			files = (
			);
			runOnlyForDeploymentPostprocessing = 0;
		};
/* End PBXResourcesBuildPhase section */

/* Begin PBXSourcesBuildPhase section */
		733A3BDF29E12EF6007D20B7 /* Sources */ = {
			isa = PBXSourcesBuildPhase;
			buildActionMask = 2147483647;
			files = (
				733A3BEB29E12EF6007D20B7 /* ViewController.swift in Sources */,
				733A3BE729E12EF6007D20B7 /* AppDelegate.swift in Sources */,
				733A3BE929E12EF6007D20B7 /* SceneDelegate.swift in Sources */,
			);
			runOnlyForDeploymentPostprocessing = 0;
		};
		733A3BF529E12EF8007D20B7 /* Sources */ = {
			isa = PBXSourcesBuildPhase;
			buildActionMask = 2147483647;
			files = (
				733A3BFE29E12EF8007D20B7 /* XOTests.swift in Sources */,
			);
			runOnlyForDeploymentPostprocessing = 0;
		};
		733A3BFF29E12EF8007D20B7 /* Sources */ = {
			isa = PBXSourcesBuildPhase;
			buildActionMask = 2147483647;
			files = (
				733A3C0829E12EF8007D20B7 /* XOUITests.swift in Sources */,
				733A3C0A29E12EF8007D20B7 /* XOUITestsLaunchTests.swift in Sources */,
			);
			runOnlyForDeploymentPostprocessing = 0;
		};
/* End PBXSourcesBuildPhase section */

/* Begin PBXTargetDependency section */
		733A3BFB29E12EF8007D20B7 /* PBXTargetDependency */ = {
			isa = PBXTargetDependency;
			target = 733A3BE229E12EF6007D20B7 /* XO */;
			targetProxy = 733A3BFA29E12EF8007D20B7 /* PBXContainerItemProxy */;
		};
		733A3C0529E12EF8007D20B7 /* PBXTargetDependency */ = {
			isa = PBXTargetDependency;
			target = 733A3BE229E12EF6007D20B7 /* XO */;
			targetProxy = 733A3C0429E12EF8007D20B7 /* PBXContainerItemProxy */;
		};
/* End PBXTargetDependency section */

/* Begin PBXVariantGroup section */
		733A3BEC29E12EF6007D20B7 /* Main.storyboard */ = {
			isa = PBXVariantGroup;
			children = (
				733A3BED29E12EF6007D20B7 /* Base */,
			);
			name = Main.storyboard;
			sourceTree = "<group>";
		};
		733A3BF129E12EF8007D20B7 /* LaunchScreen.storyboard */ = {
			isa = PBXVariantGroup;
			children = (
				733A3BF229E12EF8007D20B7 /* Base */,
			);
			name = LaunchScreen.storyboard;
			sourceTree = "<group>";
		};
/* End PBXVariantGroup section */

/* Begin XCBuildConfiguration section */
		733A3C0B29E12EF8007D20B7 /* Debug */ = {
			isa = XCBuildConfiguration;
			buildSettings = {
				ALWAYS_SEARCH_USER_PATHS = NO;
				CLANG_ANALYZER_NONNULL = YES;
				CLANG_ANALYZER_NUMBER_OBJECT_CONVERSION = YES_AGGRESSIVE;
				CLANG_CXX_LANGUAGE_STANDARD = "gnu++20";
				CLANG_ENABLE_MODULES = YES;
				CLANG_ENABLE_OBJC_ARC = YES;
				CLANG_ENABLE_OBJC_WEAK = YES;
				CLANG_WARN_BLOCK_CAPTURE_AUTORELEASING = YES;
				CLANG_WARN_BOOL_CONVERSION = YES;
				CLANG_WARN_COMMA = YES;
				CLANG_WARN_CONSTANT_CONVERSION = YES;
				CLANG_WARN_DEPRECATED_OBJC_IMPLEMENTATIONS = YES;
				CLANG_WARN_DIRECT_OBJC_ISA_USAGE = YES_ERROR;
				CLANG_WARN_DOCUMENTATION_COMMENTS = YES;
				CLANG_WARN_EMPTY_BODY = YES;
				CLANG_WARN_ENUM_CONVERSION = YES;
				CLANG_WARN_INFINITE_RECURSION = YES;
				CLANG_WARN_INT_CONVERSION = YES;
				CLANG_WARN_NON_LITERAL_NULL_CONVERSION = YES;
				CLANG_WARN_OBJC_IMPLICIT_RETAIN_SELF = YES;
				CLANG_WARN_OBJC_LITERAL_CONVERSION = YES;
				CLANG_WARN_OBJC_ROOT_CLASS = YES_ERROR;
				CLANG_WARN_QUOTED_INCLUDE_IN_FRAMEWORK_HEADER = YES;
				CLANG_WARN_RANGE_LOOP_ANALYSIS = YES;
				CLANG_WARN_STRICT_PROTOTYPES = YES;
				CLANG_WARN_SUSPICIOUS_MOVE = YES;
				CLANG_WARN_UNGUARDED_AVAILABILITY = YES_AGGRESSIVE;
				CLANG_WARN_UNREACHABLE_CODE = YES;
				CLANG_WARN__DUPLICATE_METHOD_MATCH = YES;
				COPY_PHASE_STRIP = NO;
				DEBUG_INFORMATION_FORMAT = dwarf;
				ENABLE_STRICT_OBJC_MSGSEND = YES;
				ENABLE_TESTABILITY = YES;
				GCC_C_LANGUAGE_STANDARD = gnu11;
				GCC_DYNAMIC_NO_PIC = NO;
				GCC_NO_COMMON_BLOCKS = YES;
				GCC_OPTIMIZATION_LEVEL = 0;
				GCC_PREPROCESSOR_DEFINITIONS = (
					"DEBUG=1",
					"$(inherited)",
				);
				GCC_WARN_64_TO_32_BIT_CONVERSION = YES;
				GCC_WARN_ABOUT_RETURN_TYPE = YES_ERROR;
				GCC_WARN_UNDECLARED_SELECTOR = YES;
				GCC_WARN_UNINITIALIZED_AUTOS = YES_AGGRESSIVE;
				GCC_WARN_UNUSED_FUNCTION = YES;
				GCC_WARN_UNUSED_VARIABLE = YES;
				IPHONEOS_DEPLOYMENT_TARGET = 16.2;
				MTL_ENABLE_DEBUG_INFO = INCLUDE_SOURCE;
				MTL_FAST_MATH = YES;
				ONLY_ACTIVE_ARCH = YES;
				SDKROOT = iphoneos;
				SWIFT_ACTIVE_COMPILATION_CONDITIONS = DEBUG;
				SWIFT_OPTIMIZATION_LEVEL = "-Onone";
			};
			name = Debug;
		};
		733A3C0C29E12EF8007D20B7 /* Release */ = {
			isa = XCBuildConfiguration;
			buildSettings = {
				ALWAYS_SEARCH_USER_PATHS = NO;
				CLANG_ANALYZER_NONNULL = YES;
				CLANG_ANALYZER_NUMBER_OBJECT_CONVERSION = YES_AGGRESSIVE;
				CLANG_CXX_LANGUAGE_STANDARD = "gnu++20";
				CLANG_ENABLE_MODULES = YES;
				CLANG_ENABLE_OBJC_ARC = YES;
				CLANG_ENABLE_OBJC_WEAK = YES;
				CLANG_WARN_BLOCK_CAPTURE_AUTORELEASING = YES;
				CLANG_WARN_BOOL_CONVERSION = YES;
				CLANG_WARN_COMMA = YES;
				CLANG_WARN_CONSTANT_CONVERSION = YES;
				CLANG_WARN_DEPRECATED_OBJC_IMPLEMENTATIONS = YES;
				CLANG_WARN_DIRECT_OBJC_ISA_USAGE = YES_ERROR;
				CLANG_WARN_DOCUMENTATION_COMMENTS = YES;
				CLANG_WARN_EMPTY_BODY = YES;
				CLANG_WARN_ENUM_CONVERSION = YES;
				CLANG_WARN_INFINITE_RECURSION = YES;
				CLANG_WARN_INT_CONVERSION = YES;
				CLANG_WARN_NON_LITERAL_NULL_CONVERSION = YES;
				CLANG_WARN_OBJC_IMPLICIT_RETAIN_SELF = YES;
				CLANG_WARN_OBJC_LITERAL_CONVERSION = YES;
				CLANG_WARN_OBJC_ROOT_CLASS = YES_ERROR;
				CLANG_WARN_QUOTED_INCLUDE_IN_FRAMEWORK_HEADER = YES;
				CLANG_WARN_RANGE_LOOP_ANALYSIS = YES;
				CLANG_WARN_STRICT_PROTOTYPES = YES;
				CLANG_WARN_SUSPICIOUS_MOVE = YES;
				CLANG_WARN_UNGUARDED_AVAILABILITY = YES_AGGRESSIVE;
				CLANG_WARN_UNREACHABLE_CODE = YES;
				CLANG_WARN__DUPLICATE_METHOD_MATCH = YES;
				COPY_PHASE_STRIP = NO;
				DEBUG_INFORMATION_FORMAT = "dwarf-with-dsym";
				ENABLE_NS_ASSERTIONS = NO;
				ENABLE_STRICT_OBJC_MSGSEND = YES;
				GCC_C_LANGUAGE_STANDARD = gnu11;
				GCC_NO_COMMON_BLOCKS = YES;
				GCC_WARN_64_TO_32_BIT_CONVERSION = YES;
				GCC_WARN_ABOUT_RETURN_TYPE = YES_ERROR;
				GCC_WARN_UNDECLARED_SELECTOR = YES;
				GCC_WARN_UNINITIALIZED_AUTOS = YES_AGGRESSIVE;
				GCC_WARN_UNUSED_FUNCTION = YES;
				GCC_WARN_UNUSED_VARIABLE = YES;
				IPHONEOS_DEPLOYMENT_TARGET = 16.2;
				MTL_ENABLE_DEBUG_INFO = NO;
				MTL_FAST_MATH = YES;
				SDKROOT = iphoneos;
				SWIFT_COMPILATION_MODE = wholemodule;
				SWIFT_OPTIMIZATION_LEVEL = "-O";
				VALIDATE_PRODUCT = YES;
			};
			name = Release;
		};
		733A3C0E29E12EF8007D20B7 /* Debug */ = {
			isa = XCBuildConfiguration;
			buildSettings = {
				ASSETCATALOG_COMPILER_APPICON_NAME = AppIcon;
				ASSETCATALOG_COMPILER_GLOBAL_ACCENT_COLOR_NAME = AccentColor;
				CODE_SIGN_STYLE = Automatic;
				CURRENT_PROJECT_VERSION = 1;
				DEVELOPMENT_TEAM = HJ648XXPWE;
				GENERATE_INFOPLIST_FILE = YES;
				INFOPLIST_FILE = XO/Info.plist;
				INFOPLIST_KEY_UIApplicationSupportsIndirectInputEvents = YES;
				INFOPLIST_KEY_UILaunchStoryboardName = LaunchScreen;
				INFOPLIST_KEY_UIMainStoryboardFile = Main;
				INFOPLIST_KEY_UISupportedInterfaceOrientations_iPad = "UIInterfaceOrientationPortrait UIInterfaceOrientationPortraitUpsideDown UIInterfaceOrientationLandscapeLeft UIInterfaceOrientationLandscapeRight";
				INFOPLIST_KEY_UISupportedInterfaceOrientations_iPhone = "UIInterfaceOrientationPortrait UIInterfaceOrientationLandscapeLeft UIInterfaceOrientationLandscapeRight";
				LD_RUNPATH_SEARCH_PATHS = (
					"$(inherited)",
					"@executable_path/Frameworks",
				);
				MARKETING_VERSION = 1.0;
				PRODUCT_BUNDLE_IDENTIFIER = xyz.nazabore.XO;
				PRODUCT_NAME = "$(TARGET_NAME)";
				SWIFT_EMIT_LOC_STRINGS = YES;
				SWIFT_VERSION = 5.0;
				TARGETED_DEVICE_FAMILY = "1,2";
			};
			name = Debug;
		};
		733A3C0F29E12EF8007D20B7 /* Release */ = {
			isa = XCBuildConfiguration;
			buildSettings = {
				ASSETCATALOG_COMPILER_APPICON_NAME = AppIcon;
				ASSETCATALOG_COMPILER_GLOBAL_ACCENT_COLOR_NAME = AccentColor;
				CODE_SIGN_STYLE = Automatic;
				CURRENT_PROJECT_VERSION = 1;
				DEVELOPMENT_TEAM = HJ648XXPWE;
				GENERATE_INFOPLIST_FILE = YES;
				INFOPLIST_FILE = XO/Info.plist;
				INFOPLIST_KEY_UIApplicationSupportsIndirectInputEvents = YES;
				INFOPLIST_KEY_UILaunchStoryboardName = LaunchScreen;
				INFOPLIST_KEY_UIMainStoryboardFile = Main;
				INFOPLIST_KEY_UISupportedInterfaceOrientations_iPad = "UIInterfaceOrientationPortrait UIInterfaceOrientationPortraitUpsideDown UIInterfaceOrientationLandscapeLeft UIInterfaceOrientationLandscapeRight";
				INFOPLIST_KEY_UISupportedInterfaceOrientations_iPhone = "UIInterfaceOrientationPortrait UIInterfaceOrientationLandscapeLeft UIInterfaceOrientationLandscapeRight";
				LD_RUNPATH_SEARCH_PATHS = (
					"$(inherited)",
					"@executable_path/Frameworks",
				);
				MARKETING_VERSION = 1.0;
				PRODUCT_BUNDLE_IDENTIFIER = xyz.nazabore.XO;
				PRODUCT_NAME = "$(TARGET_NAME)";
				SWIFT_EMIT_LOC_STRINGS = YES;
				SWIFT_VERSION = 5.0;
				TARGETED_DEVICE_FAMILY = "1,2";
			};
			name = Release;
		};
		733A3C1129E12EF8007D20B7 /* Debug */ = {
			isa = XCBuildConfiguration;
			buildSettings = {
				ALWAYS_EMBED_SWIFT_STANDARD_LIBRARIES = YES;
				BUNDLE_LOADER = "$(TEST_HOST)";
				CODE_SIGN_STYLE = Automatic;
				CURRENT_PROJECT_VERSION = 1;
				DEVELOPMENT_TEAM = HJ648XXPWE;
				GENERATE_INFOPLIST_FILE = YES;
				IPHONEOS_DEPLOYMENT_TARGET = 16.2;
				MARKETING_VERSION = 1.0;
				PRODUCT_BUNDLE_IDENTIFIER = xyz.nazabore.XOTests;
				PRODUCT_NAME = "$(TARGET_NAME)";
				SWIFT_EMIT_LOC_STRINGS = NO;
				SWIFT_VERSION = 5.0;
				TARGETED_DEVICE_FAMILY = "1,2";
				TEST_HOST = "$(BUILT_PRODUCTS_DIR)/XO.app/$(BUNDLE_EXECUTABLE_FOLDER_PATH)/XO";
			};
			name = Debug;
		};
		733A3C1229E12EF8007D20B7 /* Release */ = {
			isa = XCBuildConfiguration;
			buildSettings = {
				ALWAYS_EMBED_SWIFT_STANDARD_LIBRARIES = YES;
				BUNDLE_LOADER = "$(TEST_HOST)";
				CODE_SIGN_STYLE = Automatic;
				CURRENT_PROJECT_VERSION = 1;
				DEVELOPMENT_TEAM = HJ648XXPWE;
				GENERATE_INFOPLIST_FILE = YES;
				IPHONEOS_DEPLOYMENT_TARGET = 16.2;
				MARKETING_VERSION = 1.0;
				PRODUCT_BUNDLE_IDENTIFIER = xyz.nazabore.XOTests;
				PRODUCT_NAME = "$(TARGET_NAME)";
				SWIFT_EMIT_LOC_STRINGS = NO;
				SWIFT_VERSION = 5.0;
				TARGETED_DEVICE_FAMILY = "1,2";
				TEST_HOST = "$(BUILT_PRODUCTS_DIR)/XO.app/$(BUNDLE_EXECUTABLE_FOLDER_PATH)/XO";
			};
			name = Release;
		};
		733A3C1429E12EF8007D20B7 /* Debug */ = {
			isa = XCBuildConfiguration;
			buildSettings = {
				ALWAYS_EMBED_SWIFT_STANDARD_LIBRARIES = YES;
				CODE_SIGN_STYLE = Automatic;
				CURRENT_PROJECT_VERSION = 1;
				DEVELOPMENT_TEAM = HJ648XXPWE;
				GENERATE_INFOPLIST_FILE = YES;
				MARKETING_VERSION = 1.0;
				PRODUCT_BUNDLE_IDENTIFIER = xyz.nazabore.XOUITests;
				PRODUCT_NAME = "$(TARGET_NAME)";
				SWIFT_EMIT_LOC_STRINGS = NO;
				SWIFT_VERSION = 5.0;
				TARGETED_DEVICE_FAMILY = "1,2";
				TEST_TARGET_NAME = XO;
			};
			name = Debug;
		};
		733A3C1529E12EF8007D20B7 /* Release */ = {
			isa = XCBuildConfiguration;
			buildSettings = {
				ALWAYS_EMBED_SWIFT_STANDARD_LIBRARIES = YES;
				CODE_SIGN_STYLE = Automatic;
				CURRENT_PROJECT_VERSION = 1;
				DEVELOPMENT_TEAM = HJ648XXPWE;
				GENERATE_INFOPLIST_FILE = YES;
				MARKETING_VERSION = 1.0;
				PRODUCT_BUNDLE_IDENTIFIER = xyz.nazabore.XOUITests;
				PRODUCT_NAME = "$(TARGET_NAME)";
				SWIFT_EMIT_LOC_STRINGS = NO;
				SWIFT_VERSION = 5.0;
				TARGETED_DEVICE_FAMILY = "1,2";
				TEST_TARGET_NAME = XO;
			};
			name = Release;
		};
/* End XCBuildConfiguration section */

/* Begin XCConfigurationList section */
		733A3BDE29E12EF6007D20B7 /* Build configuration list for PBXProject "XO" */ = {
			isa = XCConfigurationList;
			buildConfigurations = (
				733A3C0B29E12EF8007D20B7 /* Debug */,
				733A3C0C29E12EF8007D20B7 /* Release */,
			);
			defaultConfigurationIsVisible = 0;
			defaultConfigurationName = Release;
		};
		733A3C0D29E12EF8007D20B7 /* Build configuration list for PBXNativeTarget "XO" */ = {
			isa = XCConfigurationList;
			buildConfigurations = (
				733A3C0E29E12EF8007D20B7 /* Debug */,
				733A3C0F29E12EF8007D20B7 /* Release */,
			);
			defaultConfigurationIsVisible = 0;
			defaultConfigurationName = Release;
		};
		733A3C1029E12EF8007D20B7 /* Build configuration list for PBXNativeTarget "XOTests" */ = {
			isa = XCConfigurationList;
			buildConfigurations = (
				733A3C1129E12EF8007D20B7 /* Debug */,
				733A3C1229E12EF8007D20B7 /* Release */,
			);
			defaultConfigurationIsVisible = 0;
			defaultConfigurationName = Release;
		};
		733A3C1329E12EF8007D20B7 /* Build configuration list for PBXNativeTarget "XOUITests" */ = {
			isa = XCConfigurationList;
			buildConfigurations = (
				733A3C1429E12EF8007D20B7 /* Debug */,
				733A3C1529E12EF8007D20B7 /* Release */,
			);
			defaultConfigurationIsVisible = 0;
			defaultConfigurationName = Release;
		};
/* End XCConfigurationList section */
	};
	rootObject = 733A3BDB29E12EF6007D20B7 /* Project object */;
}
